
Microsoft Visual Studio Solution File, Format Version 12.00
# Visual Studio Version 17
VisualStudioVersion = 17.0.31903.59
MinimumVisualStudioVersion = 10.0.40219.1
Project("{FAE04EC0-301F-11D3-BF4B-00C04F79EFBC}") = "Polymorphism", "Polymorphism\Polymorphism.csproj", "{6FB505DE-75BF-46F9-95EC-48C63408D8BA}"
EndProject
Global
	GlobalSection(SolutionConfigurationPlatforms) = preSolution
		Debug|Any CPU = Debug|Any CPU
		Release|Any CPU = Release|Any CPU
	EndGlobalSection
	GlobalSection(ProjectConfigurationPlatforms) = postSolution
		{6FB505DE-75BF-46F9-95EC-48C63408D8BA}.Debug|Any CPU.ActiveCfg = Debug|Any CPU
		{6FB505DE-75BF-46F9-95EC-48C63408D8BA}.Debug|Any CPU.Build.0 = Debug|Any CPU
		{6FB505DE-75BF-46F9-95EC-48C63408D8BA}.Release|Any CPU.ActiveCfg = Release|Any CPU
		{6FB505DE-75BF-46F9-95EC-48C63408D8BA}.Release|Any CPU.Build.0 = Release|Any CPU
	EndGlobalSection
	GlobalSection(SolutionProperties) = preSolution
		HideSolutionNode = FALSE
	EndGlobalSection
	GlobalSection(ExtensibilityGlobals) = postSolution
		SolutionGuid = {966077DD-7163-4C2F-8E73-A6B77B62A83F}
	EndGlobalSection
EndGlobal
